# This file is automatically @generated by Cargo.
# It is not intended for manual editing.
version = 4

[[package]]
name = "l2215"
version = "0.1.0"

[[package]]
name = "l3392"
version = "0.1.0"

[[package]]
name = "lt0024"
version = "0.1.0"

[[package]]
name = "lt0662"
version = "0.1.0"

[[package]]
name = "lt1385"
version = "0.1.0"

[[package]]
name = "lt3217"
version = "0.1.0"
