# This file is automatically @generated by Cargo.
# It is not intended for manual editing.
version = 4

[[package]]
name = "l0004"
version = "0.1.0"

[[package]]
name = "l0017"
version = "0.1.0"

[[package]]
name = "l0024"
version = "0.1.0"

[[package]]
name = "l0033"
version = "0.1.0"

[[package]]
name = "l0146"
version = "0.1.0"

[[package]]
name = "l0203"
version = "0.1.0"

[[package]]
name = "l0234"
version = "0.1.0"

[[package]]
name = "l0622"
version = "0.1.0"

[[package]]
name = "l0705"
version = "0.1.0"

[[package]]
name = "l0706"
version = "0.1.0"

[[package]]
name = "l1385"
version = "0.1.0"

[[package]]
name = "l1394"
version = "0.1.0"

[[package]]
name = "l1865"
version = "0.1.0"

[[package]]
name = "l2215"
version = "0.1.0"

[[package]]
name = "l3217"
version = "0.1.0"

[[package]]
name = "l3248"
version = "0.1.0"

[[package]]
name = "l3392"
version = "0.1.0"
